
Microsoft Visual Studio Solution File, Format Version 12.00
# Visual Studio 15
VisualStudioVersion = 15.0.28307.1062
MinimumVisualStudioVersion = 10.0.40219.1
Project("{9A19103F-16F7-4668-BE54-9A1E7A4F7556}") = "M1057180_OrderMyFood", "M1057180_OrderMyFood\M1057180_OrderMyFood.csproj", "{8DB755C1-1526-4AFB-84CA-11DFD993BA01}"
EndProject
Project("{2150E333-8FDC-42A3-9474-1A3956D46DE8}") = "Services", "Services", "{CCAE024C-EF40-4F5F-90E1-4FFEF9B1099B}"
EndProject
Project("{2150E333-8FDC-42A3-9474-1A3956D46DE8}") = "RestaurantSearchService", "RestaurantSearchService", "{54CCD7F8-B90A-4A54-AE60-EE3014850EF1}"
EndProject
Project("{9A19103F-16F7-4668-BE54-9A1E7A4F7556}") = "RestaurantSearchServiceApi", "RestaurantSearchServiceApi\RestaurantSearchServiceApi.csproj", "{8F5164A6-0C3F-4961-8C35-60A9737AC3E4}"
EndProject
Project("{9A19103F-16F7-4668-BE54-9A1E7A4F7556}") = "RestaurantService", "RestaurantService\RestaurantService.csproj", "{384040FC-E2B8-4EF3-A1B0-D73293702B57}"
EndProject
Project("{9A19103F-16F7-4668-BE54-9A1E7A4F7556}") = "RestaurantRepository", "RestaurantRepository\RestaurantRepository.csproj", "{A34D16E7-7FEB-4EF3-8966-BDA233E6A715}"
EndProject
Project("{2150E333-8FDC-42A3-9474-1A3956D46DE8}") = "OrderManagementService", "OrderManagementService", "{19593B8A-F46B-4155-9497-D617DE7D1BBF}"
EndProject
Project("{9A19103F-16F7-4668-BE54-9A1E7A4F7556}") = "OrderManagementServiceApi", "OrderManagementServiceApi\OrderManagementServiceApi.csproj", "{15E87785-B2DF-405A-8046-6273F2AAD8F1}"
EndProject
Project("{9A19103F-16F7-4668-BE54-9A1E7A4F7556}") = "OrderService", "OrderService\OrderService.csproj", "{2307A469-1F5B-46A3-BB4F-A3D77AF8F622}"
EndProject
Project("{9A19103F-16F7-4668-BE54-9A1E7A4F7556}") = "OrderRepository", "OrderRepository\OrderRepository.csproj", "{201F4D25-1701-4099-80A1-1898B63D105D}"
EndProject
Project("{2150E333-8FDC-42A3-9474-1A3956D46DE8}") = "ReviewManagementService", "ReviewManagementService", "{0D137E5B-AEF1-4915-9811-2FB62DBDE973}"
EndProject
Project("{9A19103F-16F7-4668-BE54-9A1E7A4F7556}") = "ReviewManagementServiceApi", "ReviewManagementServiceApi\ReviewManagementServiceApi.csproj", "{E40CDC78-B1B5-4CFF-84E3-F0F70255DD87}"
EndProject
Project("{2150E333-8FDC-42A3-9474-1A3956D46DE8}") = "CustomerManagementService", "CustomerManagementService", "{ECE1991F-435E-49E5-9CA4-A3D6ACAD95E8}"
EndProject
Project("{9A19103F-16F7-4668-BE54-9A1E7A4F7556}") = "CustomerManagementServiceApi", "CustomerManagementServiceApi\CustomerManagementServiceApi.csproj", "{EA2FAD4A-D1BE-48AB-A20C-293D7AB4E138}"
EndProject
Project("{9A19103F-16F7-4668-BE54-9A1E7A4F7556}") = "CustomerService", "CustomerService\CustomerService.csproj", "{0A0BF5CA-88EE-43DB-A459-A2278E03EA1E}"
EndProject
Project("{9A19103F-16F7-4668-BE54-9A1E7A4F7556}") = "CustomerRepository", "CustomerRepository\CustomerRepository.csproj", "{2C167568-38CA-4627-8423-CDA490C16330}"
EndProject
Project("{FAE04EC0-301F-11D3-BF4B-00C04F79EFBC}") = "ReviewSystemService", "ReviewSystemService\ReviewSystemService.csproj", "{0DAEA27F-43B8-4399-B77F-7DD147020A66}"
EndProject
Project("{FAE04EC0-301F-11D3-BF4B-00C04F79EFBC}") = "ReviewSystemRepository", "ReviewSystemRepository\ReviewSystemRepository.csproj", "{189D38A7-290D-41AF-8717-C965188258F2}"
EndProject
Global
	GlobalSection(SolutionConfigurationPlatforms) = preSolution
		Debug|Any CPU = Debug|Any CPU
		Release|Any CPU = Release|Any CPU
	EndGlobalSection
	GlobalSection(ProjectConfigurationPlatforms) = postSolution
		{8DB755C1-1526-4AFB-84CA-11DFD993BA01}.Debug|Any CPU.ActiveCfg = Debug|Any CPU
		{8DB755C1-1526-4AFB-84CA-11DFD993BA01}.Debug|Any CPU.Build.0 = Debug|Any CPU
		{8DB755C1-1526-4AFB-84CA-11DFD993BA01}.Release|Any CPU.ActiveCfg = Release|Any CPU
		{8DB755C1-1526-4AFB-84CA-11DFD993BA01}.Release|Any CPU.Build.0 = Release|Any CPU
		{8F5164A6-0C3F-4961-8C35-60A9737AC3E4}.Debug|Any CPU.ActiveCfg = Debug|Any CPU
		{8F5164A6-0C3F-4961-8C35-60A9737AC3E4}.Debug|Any CPU.Build.0 = Debug|Any CPU
		{8F5164A6-0C3F-4961-8C35-60A9737AC3E4}.Release|Any CPU.ActiveCfg = Release|Any CPU
		{8F5164A6-0C3F-4961-8C35-60A9737AC3E4}.Release|Any CPU.Build.0 = Release|Any CPU
		{384040FC-E2B8-4EF3-A1B0-D73293702B57}.Debug|Any CPU.ActiveCfg = Debug|Any CPU
		{384040FC-E2B8-4EF3-A1B0-D73293702B57}.Debug|Any CPU.Build.0 = Debug|Any CPU
		{384040FC-E2B8-4EF3-A1B0-D73293702B57}.Release|Any CPU.ActiveCfg = Release|Any CPU
		{384040FC-E2B8-4EF3-A1B0-D73293702B57}.Release|Any CPU.Build.0 = Release|Any CPU
		{A34D16E7-7FEB-4EF3-8966-BDA233E6A715}.Debug|Any CPU.ActiveCfg = Debug|Any CPU
		{A34D16E7-7FEB-4EF3-8966-BDA233E6A715}.Debug|Any CPU.Build.0 = Debug|Any CPU
		{A34D16E7-7FEB-4EF3-8966-BDA233E6A715}.Release|Any CPU.ActiveCfg = Release|Any CPU
		{A34D16E7-7FEB-4EF3-8966-BDA233E6A715}.Release|Any CPU.Build.0 = Release|Any CPU
		{15E87785-B2DF-405A-8046-6273F2AAD8F1}.Debug|Any CPU.ActiveCfg = Debug|Any CPU
		{15E87785-B2DF-405A-8046-6273F2AAD8F1}.Debug|Any CPU.Build.0 = Debug|Any CPU
		{15E87785-B2DF-405A-8046-6273F2AAD8F1}.Release|Any CPU.ActiveCfg = Release|Any CPU
		{15E87785-B2DF-405A-8046-6273F2AAD8F1}.Release|Any CPU.Build.0 = Release|Any CPU
		{2307A469-1F5B-46A3-BB4F-A3D77AF8F622}.Debug|Any CPU.ActiveCfg = Debug|Any CPU
		{2307A469-1F5B-46A3-BB4F-A3D77AF8F622}.Debug|Any CPU.Build.0 = Debug|Any CPU
		{2307A469-1F5B-46A3-BB4F-A3D77AF8F622}.Release|Any CPU.ActiveCfg = Release|Any CPU
		{2307A469-1F5B-46A3-BB4F-A3D77AF8F622}.Release|Any CPU.Build.0 = Release|Any CPU
		{201F4D25-1701-4099-80A1-1898B63D105D}.Debug|Any CPU.ActiveCfg = Debug|Any CPU
		{201F4D25-1701-4099-80A1-1898B63D105D}.Debug|Any CPU.Build.0 = Debug|Any CPU
		{201F4D25-1701-4099-80A1-1898B63D105D}.Release|Any CPU.ActiveCfg = Release|Any CPU
		{201F4D25-1701-4099-80A1-1898B63D105D}.Release|Any CPU.Build.0 = Release|Any CPU
		{E40CDC78-B1B5-4CFF-84E3-F0F70255DD87}.Debug|Any CPU.ActiveCfg = Debug|Any CPU
		{E40CDC78-B1B5-4CFF-84E3-F0F70255DD87}.Debug|Any CPU.Build.0 = Debug|Any CPU
		{E40CDC78-B1B5-4CFF-84E3-F0F70255DD87}.Release|Any CPU.ActiveCfg = Release|Any CPU
		{E40CDC78-B1B5-4CFF-84E3-F0F70255DD87}.Release|Any CPU.Build.0 = Release|Any CPU
		{EA2FAD4A-D1BE-48AB-A20C-293D7AB4E138}.Debug|Any CPU.ActiveCfg = Debug|Any CPU
		{EA2FAD4A-D1BE-48AB-A20C-293D7AB4E138}.Debug|Any CPU.Build.0 = Debug|Any CPU
		{EA2FAD4A-D1BE-48AB-A20C-293D7AB4E138}.Release|Any CPU.ActiveCfg = Release|Any CPU
		{EA2FAD4A-D1BE-48AB-A20C-293D7AB4E138}.Release|Any CPU.Build.0 = Release|Any CPU
		{0A0BF5CA-88EE-43DB-A459-A2278E03EA1E}.Debug|Any CPU.ActiveCfg = Debug|Any CPU
		{0A0BF5CA-88EE-43DB-A459-A2278E03EA1E}.Debug|Any CPU.Build.0 = Debug|Any CPU
		{0A0BF5CA-88EE-43DB-A459-A2278E03EA1E}.Release|Any CPU.ActiveCfg = Release|Any CPU
		{0A0BF5CA-88EE-43DB-A459-A2278E03EA1E}.Release|Any CPU.Build.0 = Release|Any CPU
		{2C167568-38CA-4627-8423-CDA490C16330}.Debug|Any CPU.ActiveCfg = Debug|Any CPU
		{2C167568-38CA-4627-8423-CDA490C16330}.Debug|Any CPU.Build.0 = Debug|Any CPU
		{2C167568-38CA-4627-8423-CDA490C16330}.Release|Any CPU.ActiveCfg = Release|Any CPU
		{2C167568-38CA-4627-8423-CDA490C16330}.Release|Any CPU.Build.0 = Release|Any CPU
		{0DAEA27F-43B8-4399-B77F-7DD147020A66}.Debug|Any CPU.ActiveCfg = Debug|Any CPU
		{0DAEA27F-43B8-4399-B77F-7DD147020A66}.Debug|Any CPU.Build.0 = Debug|Any CPU
		{0DAEA27F-43B8-4399-B77F-7DD147020A66}.Release|Any CPU.ActiveCfg = Release|Any CPU
		{0DAEA27F-43B8-4399-B77F-7DD147020A66}.Release|Any CPU.Build.0 = Release|Any CPU
		{189D38A7-290D-41AF-8717-C965188258F2}.Debug|Any CPU.ActiveCfg = Debug|Any CPU
		{189D38A7-290D-41AF-8717-C965188258F2}.Debug|Any CPU.Build.0 = Debug|Any CPU
		{189D38A7-290D-41AF-8717-C965188258F2}.Release|Any CPU.ActiveCfg = Release|Any CPU
		{189D38A7-290D-41AF-8717-C965188258F2}.Release|Any CPU.Build.0 = Release|Any CPU
	EndGlobalSection
	GlobalSection(SolutionProperties) = preSolution
		HideSolutionNode = FALSE
	EndGlobalSection
	GlobalSection(NestedProjects) = preSolution
		{54CCD7F8-B90A-4A54-AE60-EE3014850EF1} = {CCAE024C-EF40-4F5F-90E1-4FFEF9B1099B}
		{8F5164A6-0C3F-4961-8C35-60A9737AC3E4} = {54CCD7F8-B90A-4A54-AE60-EE3014850EF1}
		{384040FC-E2B8-4EF3-A1B0-D73293702B57} = {54CCD7F8-B90A-4A54-AE60-EE3014850EF1}
		{A34D16E7-7FEB-4EF3-8966-BDA233E6A715} = {54CCD7F8-B90A-4A54-AE60-EE3014850EF1}
		{19593B8A-F46B-4155-9497-D617DE7D1BBF} = {CCAE024C-EF40-4F5F-90E1-4FFEF9B1099B}
		{15E87785-B2DF-405A-8046-6273F2AAD8F1} = {19593B8A-F46B-4155-9497-D617DE7D1BBF}
		{2307A469-1F5B-46A3-BB4F-A3D77AF8F622} = {19593B8A-F46B-4155-9497-D617DE7D1BBF}
		{201F4D25-1701-4099-80A1-1898B63D105D} = {19593B8A-F46B-4155-9497-D617DE7D1BBF}
		{0D137E5B-AEF1-4915-9811-2FB62DBDE973} = {CCAE024C-EF40-4F5F-90E1-4FFEF9B1099B}
		{E40CDC78-B1B5-4CFF-84E3-F0F70255DD87} = {0D137E5B-AEF1-4915-9811-2FB62DBDE973}
		{ECE1991F-435E-49E5-9CA4-A3D6ACAD95E8} = {CCAE024C-EF40-4F5F-90E1-4FFEF9B1099B}
		{EA2FAD4A-D1BE-48AB-A20C-293D7AB4E138} = {ECE1991F-435E-49E5-9CA4-A3D6ACAD95E8}
		{0A0BF5CA-88EE-43DB-A459-A2278E03EA1E} = {ECE1991F-435E-49E5-9CA4-A3D6ACAD95E8}
		{2C167568-38CA-4627-8423-CDA490C16330} = {ECE1991F-435E-49E5-9CA4-A3D6ACAD95E8}
		{0DAEA27F-43B8-4399-B77F-7DD147020A66} = {0D137E5B-AEF1-4915-9811-2FB62DBDE973}
		{189D38A7-290D-41AF-8717-C965188258F2} = {0D137E5B-AEF1-4915-9811-2FB62DBDE973}
	EndGlobalSection
	GlobalSection(ExtensibilityGlobals) = postSolution
		SolutionGuid = {24337BBD-13F6-480E-AE09-A7BA7E3A6DDF}
	EndGlobalSection
EndGlobal
